Microsoft Visual Studio Solution File, Format Version 12.00
# Visual Studio Version 17
VisualStudioVersion = 17.5.2.0
MinimumVisualStudioVersion = 10.0.40219.1
Project("{2150E333-8FDC-42A3-9474-1A3956D46DE8}") = "AioDashboard", "AioDashboard", "{7C617910-907E-9FF4-5A4F-C81B63422AC4}"
EndProject
Project("{FAE04EC0-301F-11D3-BF4B-00C04F79EFBC}") = "Web.Client", "AioDashboard\Web.Client\Web.Client.csproj", "{492EC0DB-5EDB-AD66-4DC9-44BE59CC02F4}"
EndProject
Global
	GlobalSection(SolutionConfigurationPlatforms) = preSolution
		Debug|Any CPU = Debug|Any CPU
		Release|Any CPU = Release|Any CPU
	EndGlobalSection
	GlobalSection(ProjectConfigurationPlatforms) = postSolution
		{492EC0DB-5EDB-AD66-4DC9-44BE59CC02F4}.Debug|Any CPU.ActiveCfg = Debug|Any CPU
		{492EC0DB-5EDB-AD66-4DC9-44BE59CC02F4}.Debug|Any CPU.Build.0 = Debug|Any CPU
		{492EC0DB-5EDB-AD66-4DC9-44BE59CC02F4}.Release|Any CPU.ActiveCfg = Release|Any CPU
		{492EC0DB-5EDB-AD66-4DC9-44BE59CC02F4}.Release|Any CPU.Build.0 = Release|Any CPU
	EndGlobalSection
	GlobalSection(SolutionProperties) = preSolution
		HideSolutionNode = FALSE
	EndGlobalSection
	GlobalSection(NestedProjects) = preSolution
		{492EC0DB-5EDB-AD66-4DC9-44BE59CC02F4} = {7C617910-907E-9FF4-5A4F-C81B63422AC4}
	EndGlobalSection
	GlobalSection(ExtensibilityGlobals) = postSolution
		SolutionGuid = {6792FFB8-7923-4C13-AFF5-A7AFF49BA295}
	EndGlobalSection
EndGlobal
